
Microsoft Visual Studio Solution File, Format Version 12.00
# Visual Studio Version 17
VisualStudioVersion = 17.0.31903.59
MinimumVisualStudioVersion = 10.0.40219.1
Project("{FAE04EC0-301F-11D3-BF4B-00C04F79EFBC}") = "Deadly.Pegasus.Api", "Deadly.Pegasus.Api\Deadly.Pegasus.Api.csproj", "{D4690058-5B00-4F5D-A9AC-A069F31A5EED}"
EndProject
Project("{FAE04EC0-301F-11D3-BF4B-00C04F79EFBC}") = "Deadly.Pegasus.Domain", "Deadly.Pegasus.Domain\Deadly.Pegasus.Domain.csproj", "{986FC6A6-BDDE-45A5-91AD-BD53D793B81A}"
EndProject
Project("{FAE04EC0-301F-11D3-BF4B-00C04F79EFBC}") = "Deadly-Pegasus.Data", "Deadly-Pegasus.Data\Deadly-Pegasus.Data.csproj", "{0FCC8E84-BF4B-4DEE-B796-2883A1DECD94}"
EndProject
Project("{2150E333-8FDC-42A3-9474-1A3956D46DE8}") = "tests", "tests", "{0AB3BF05-4346-4AA6-1389-037BE0695223}"
EndProject
Project("{FAE04EC0-301F-11D3-BF4B-00C04F79EFBC}") = "Deadly_Pegasus.Domain.Tests", "tests\Deadly_Pegasus.Domain.Tests\Deadly_Pegasus.Domain.Tests.csproj", "{2F0B90D6-EC28-461C-B5BB-BCDF832D808D}"
EndProject
Global
	GlobalSection(SolutionConfigurationPlatforms) = preSolution
		Debug|Any CPU = Debug|Any CPU
		Debug|x64 = Debug|x64
		Debug|x86 = Debug|x86
		Release|Any CPU = Release|Any CPU
		Release|x64 = Release|x64
		Release|x86 = Release|x86
	EndGlobalSection
	GlobalSection(ProjectConfigurationPlatforms) = postSolution
		{D4690058-5B00-4F5D-A9AC-A069F31A5EED}.Debug|Any CPU.ActiveCfg = Debug|Any CPU
		{D4690058-5B00-4F5D-A9AC-A069F31A5EED}.Debug|Any CPU.Build.0 = Debug|Any CPU
		{D4690058-5B00-4F5D-A9AC-A069F31A5EED}.Debug|x64.ActiveCfg = Debug|Any CPU
		{D4690058-5B00-4F5D-A9AC-A069F31A5EED}.Debug|x64.Build.0 = Debug|Any CPU
		{D4690058-5B00-4F5D-A9AC-A069F31A5EED}.Debug|x86.ActiveCfg = Debug|Any CPU
		{D4690058-5B00-4F5D-A9AC-A069F31A5EED}.Debug|x86.Build.0 = Debug|Any CPU
		{D4690058-5B00-4F5D-A9AC-A069F31A5EED}.Release|Any CPU.ActiveCfg = Release|Any CPU
		{D4690058-5B00-4F5D-A9AC-A069F31A5EED}.Release|Any CPU.Build.0 = Release|Any CPU
		{D4690058-5B00-4F5D-A9AC-A069F31A5EED}.Release|x64.ActiveCfg = Release|Any CPU
		{D4690058-5B00-4F5D-A9AC-A069F31A5EED}.Release|x64.Build.0 = Release|Any CPU
		{D4690058-5B00-4F5D-A9AC-A069F31A5EED}.Release|x86.ActiveCfg = Release|Any CPU
		{D4690058-5B00-4F5D-A9AC-A069F31A5EED}.Release|x86.Build.0 = Release|Any CPU
		{986FC6A6-BDDE-45A5-91AD-BD53D793B81A}.Debug|Any CPU.ActiveCfg = Debug|Any CPU
		{986FC6A6-BDDE-45A5-91AD-BD53D793B81A}.Debug|Any CPU.Build.0 = Debug|Any CPU
		{986FC6A6-BDDE-45A5-91AD-BD53D793B81A}.Debug|x64.ActiveCfg = Debug|Any CPU
		{986FC6A6-BDDE-45A5-91AD-BD53D793B81A}.Debug|x64.Build.0 = Debug|Any CPU
		{986FC6A6-BDDE-45A5-91AD-BD53D793B81A}.Debug|x86.ActiveCfg = Debug|Any CPU
		{986FC6A6-BDDE-45A5-91AD-BD53D793B81A}.Debug|x86.Build.0 = Debug|Any CPU
		{986FC6A6-BDDE-45A5-91AD-BD53D793B81A}.Release|Any CPU.ActiveCfg = Release|Any CPU
		{986FC6A6-BDDE-45A5-91AD-BD53D793B81A}.Release|Any CPU.Build.0 = Release|Any CPU
		{986FC6A6-BDDE-45A5-91AD-BD53D793B81A}.Release|x64.ActiveCfg = Release|Any CPU
		{986FC6A6-BDDE-45A5-91AD-BD53D793B81A}.Release|x64.Build.0 = Release|Any CPU
		{986FC6A6-BDDE-45A5-91AD-BD53D793B81A}.Release|x86.ActiveCfg = Release|Any CPU
		{986FC6A6-BDDE-45A5-91AD-BD53D793B81A}.Release|x86.Build.0 = Release|Any CPU
		{0FCC8E84-BF4B-4DEE-B796-2883A1DECD94}.Debug|Any CPU.ActiveCfg = Debug|Any CPU
		{0FCC8E84-BF4B-4DEE-B796-2883A1DECD94}.Debug|Any CPU.Build.0 = Debug|Any CPU
		{0FCC8E84-BF4B-4DEE-B796-2883A1DECD94}.Debug|x64.ActiveCfg = Debug|Any CPU
		{0FCC8E84-BF4B-4DEE-B796-2883A1DECD94}.Debug|x64.Build.0 = Debug|Any CPU
		{0FCC8E84-BF4B-4DEE-B796-2883A1DECD94}.Debug|x86.ActiveCfg = Debug|Any CPU
		{0FCC8E84-BF4B-4DEE-B796-2883A1DECD94}.Debug|x86.Build.0 = Debug|Any CPU
		{0FCC8E84-BF4B-4DEE-B796-2883A1DECD94}.Release|Any CPU.ActiveCfg = Release|Any CPU
		{0FCC8E84-BF4B-4DEE-B796-2883A1DECD94}.Release|Any CPU.Build.0 = Release|Any CPU
		{0FCC8E84-BF4B-4DEE-B796-2883A1DECD94}.Release|x64.ActiveCfg = Release|Any CPU
		{0FCC8E84-BF4B-4DEE-B796-2883A1DECD94}.Release|x64.Build.0 = Release|Any CPU
		{0FCC8E84-BF4B-4DEE-B796-2883A1DECD94}.Release|x86.ActiveCfg = Release|Any CPU
		{0FCC8E84-BF4B-4DEE-B796-2883A1DECD94}.Release|x86.Build.0 = Release|Any CPU
		{2F0B90D6-EC28-461C-B5BB-BCDF832D808D}.Debug|Any CPU.ActiveCfg = Debug|Any CPU
		{2F0B90D6-EC28-461C-B5BB-BCDF832D808D}.Debug|Any CPU.Build.0 = Debug|Any CPU
		{2F0B90D6-EC28-461C-B5BB-BCDF832D808D}.Debug|x64.ActiveCfg = Debug|Any CPU
		{2F0B90D6-EC28-461C-B5BB-BCDF832D808D}.Debug|x64.Build.0 = Debug|Any CPU
		{2F0B90D6-EC28-461C-B5BB-BCDF832D808D}.Debug|x86.ActiveCfg = Debug|Any CPU
		{2F0B90D6-EC28-461C-B5BB-BCDF832D808D}.Debug|x86.Build.0 = Debug|Any CPU
		{2F0B90D6-EC28-461C-B5BB-BCDF832D808D}.Release|Any CPU.ActiveCfg = Release|Any CPU
		{2F0B90D6-EC28-461C-B5BB-BCDF832D808D}.Release|Any CPU.Build.0 = Release|Any CPU
		{2F0B90D6-EC28-461C-B5BB-BCDF832D808D}.Release|x64.ActiveCfg = Release|Any CPU
		{2F0B90D6-EC28-461C-B5BB-BCDF832D808D}.Release|x64.Build.0 = Release|Any CPU
		{2F0B90D6-EC28-461C-B5BB-BCDF832D808D}.Release|x86.ActiveCfg = Release|Any CPU
		{2F0B90D6-EC28-461C-B5BB-BCDF832D808D}.Release|x86.Build.0 = Release|Any CPU
	EndGlobalSection
	GlobalSection(SolutionProperties) = preSolution
		HideSolutionNode = FALSE
	EndGlobalSection
	GlobalSection(NestedProjects) = preSolution
		{2F0B90D6-EC28-461C-B5BB-BCDF832D808D} = {0AB3BF05-4346-4AA6-1389-037BE0695223}
	EndGlobalSection
EndGlobal
